# THIS IS AN AUTOGENERATED FILE. DO NOT EDIT THIS FILE DIRECTLY.
# yarn lockfile v1


"@babel/code-frame@^7.10.4":
  version "7.10.4"
  resolved "https://registry.yarnpkg.com/@babel/code-frame/-/code-frame-7.10.4.tgz#168da1a36e90da68ae8d49c0f1b48c7c6249213a"
  integrity sha512-vG6SvB6oYEhvgisZNFRmRCUkLz11c7rp+tbNTynGqc6mS1d5ATd/sGyV6W0KZZnXRKMTzZDRgQT3Ou9jhpAfUg==
  dependencies:
    "@babel/highlight" "^7.10.4"

"@babel/generator@^7.10.5":
  version "7.10.5"
  resolved "https://registry.yarnpkg.com/@babel/generator/-/generator-7.10.5.tgz#1b903554bc8c583ee8d25f1e8969732e6b829a69"
  integrity sha512-3vXxr3FEW7E7lJZiWQ3bM4+v/Vyr9C+hpolQ8BGFr9Y8Ri2tFLWTixmwKBafDujO1WVah4fhZBeU1bieKdghig==
  dependencies:
    "@babel/types" "^7.10.5"
    jsesc "^2.5.1"
    source-map "^0.5.0"

"@babel/generator@^7.12.1":
  version "7.12.1"
  resolved "https://registry.yarnpkg.com/@babel/generator/-/generator-7.12.1.tgz#0d70be32bdaa03d7c51c8597dda76e0df1f15468"
  integrity sha512-DB+6rafIdc9o72Yc3/Ph5h+6hUjeOp66pF0naQBgUFFuPqzQwIlPTm3xZR7YNvduIMtkDIj2t21LSQwnbCrXvg==
  dependencies:
    "@babel/types" "^7.12.1"
    jsesc "^2.5.1"
    source-map "^0.5.0"

"@babel/helper-create-class-features-plugin@^7.12.1":
  version "7.12.1"
  resolved "https://registry.yarnpkg.com/@babel/helper-create-class-features-plugin/-/helper-create-class-features-plugin-7.12.1.tgz#3c45998f431edd4a9214c5f1d3ad1448a6137f6e"
  integrity sha512-hkL++rWeta/OVOBTRJc9a5Azh5mt5WgZUGAKMD8JM141YsE08K//bp1unBBieO6rUKkIPyUE0USQ30jAy3Sk1w==
  dependencies:
    "@babel/helper-function-name" "^7.10.4"
    "@babel/helper-member-expression-to-functions" "^7.12.1"
    "@babel/helper-optimise-call-expression" "^7.10.4"
    "@babel/helper-replace-supers" "^7.12.1"
    "@babel/helper-split-export-declaration" "^7.10.4"

"@babel/helper-function-name@^7.10.4":
  version "7.10.4"
  resolved "https://registry.yarnpkg.com/@babel/helper-function-name/-/helper-function-name-7.10.4.tgz#d2d3b20c59ad8c47112fa7d2a94bc09d5ef82f1a"
  integrity sha512-YdaSyz1n8gY44EmN7x44zBn9zQ1Ry2Y+3GTA+3vH6Mizke1Vw0aWDM66FOYEPw8//qKkmqOckrGgTYa+6sceqQ==
  dependencies:
    "@babel/helper-get-function-arity" "^7.10.4"
    "@babel/template" "^7.10.4"
    "@babel/types" "^7.10.4"

"@babel/helper-get-function-arity@^7.10.4":
  version "7.10.4"
  resolved "https://registry.yarnpkg.com/@babel/helper-get-function-arity/-/helper-get-function-arity-7.10.4.tgz#98c1cbea0e2332f33f9a4661b8ce1505b2c19ba2"
  integrity sha512-EkN3YDB+SRDgiIUnNgcmiD361ti+AVbL3f3Henf6dqqUyr5dMsorno0lJWJuLhDhkI5sYEpgj6y9kB8AOU1I2A==
  dependencies:
    "@babel/types" "^7.10.4"

"@babel/helper-member-expression-to-functions@^7.12.1":
  version "7.12.1"
  resolved "https://registry.yarnpkg.com/@babel/helper-member-expression-to-functions/-/helper-member-expression-to-functions-7.12.1.tgz#fba0f2fcff3fba00e6ecb664bb5e6e26e2d6165c"
  integrity sha512-k0CIe3tXUKTRSoEx1LQEPFU9vRQfqHtl+kf8eNnDqb4AUJEy5pz6aIiog+YWtVm2jpggjS1laH68bPsR+KWWPQ==
  dependencies:
    "@babel/types" "^7.12.1"

"@babel/helper-optimise-call-expression@^7.10.4":
  version "7.10.4"
  resolved "https://registry.yarnpkg.com/@babel/helper-optimise-call-expression/-/helper-optimise-call-expression-7.10.4.tgz#50dc96413d594f995a77905905b05893cd779673"
  integrity sha512-n3UGKY4VXwXThEiKrgRAoVPBMqeoPgHVqiHZOanAJCG9nQUL2pLRQirUzl0ioKclHGpGqRgIOkgcIJaIWLpygg==
  dependencies:
    "@babel/types" "^7.10.4"

"@babel/helper-plugin-utils@^7.10.4":
  version "7.10.4"
  resolved "https://registry.yarnpkg.com/@babel/helper-plugin-utils/-/helper-plugin-utils-7.10.4.tgz#2f75a831269d4f677de49986dff59927533cf375"
  integrity sha512-O4KCvQA6lLiMU9l2eawBPMf1xPP8xPfB3iEQw150hOVTqj/rfXz0ThTb4HEzqQfs2Bmo5Ay8BzxfzVtBrr9dVg==

"@babel/helper-replace-supers@^7.12.1":
  version "7.12.1"
  resolved "https://registry.yarnpkg.com/@babel/helper-replace-supers/-/helper-replace-supers-7.12.1.tgz#f15c9cc897439281891e11d5ce12562ac0cf3fa9"
  integrity sha512-zJjTvtNJnCFsCXVi5rUInstLd/EIVNmIKA1Q9ynESmMBWPWd+7sdR+G4/wdu+Mppfep0XLyG2m7EBPvjCeFyrw==
  dependencies:
    "@babel/helper-member-expression-to-functions" "^7.12.1"
    "@babel/helper-optimise-call-expression" "^7.10.4"
    "@babel/traverse" "^7.12.1"
    "@babel/types" "^7.12.1"

"@babel/helper-split-export-declaration@^7.10.4":
  version "7.10.4"
  resolved "https://registry.yarnpkg.com/@babel/helper-split-export-declaration/-/helper-split-export-declaration-7.10.4.tgz#2c70576eaa3b5609b24cb99db2888cc3fc4251d1"
  integrity sha512-pySBTeoUff56fL5CBU2hWm9TesA4r/rOkI9DyJLvvgz09MB9YtfIYe3iBriVaYNaPe+Alua0vBIOVOLs2buWhg==
  dependencies:
    "@babel/types" "^7.10.4"

"@babel/helper-split-export-declaration@^7.11.0":
  version "7.11.0"
  resolved "https://registry.yarnpkg.com/@babel/helper-split-export-declaration/-/helper-split-export-declaration-7.11.0.tgz#f8a491244acf6a676158ac42072911ba83ad099f"
  integrity sha512-74Vejvp6mHkGE+m+k5vHY93FX2cAtrw1zXrZXRlG4l410Nm9PxfEiVTn1PjDPV5SnmieiueY4AFg2xqhNFuuZg==
  dependencies:
    "@babel/types" "^7.11.0"

"@babel/helper-validator-identifier@^7.10.4":
  version "7.10.4"
  resolved "https://registry.yarnpkg.com/@babel/helper-validator-identifier/-/helper-validator-identifier-7.10.4.tgz#a78c7a7251e01f616512d31b10adcf52ada5e0d2"
  integrity sha512-3U9y+43hz7ZM+rzG24Qe2mufW5KhvFg/NhnNph+i9mgCtdTCtMJuI1TMkrIUiK7Ix4PYlRF9I5dhqaLYA/ADXw==

"@babel/highlight@^7.10.4":
  version "7.10.4"
  resolved "https://registry.yarnpkg.com/@babel/highlight/-/highlight-7.10.4.tgz#7d1bdfd65753538fabe6c38596cdb76d9ac60143"
  integrity sha512-i6rgnR/YgPEQzZZnbTHHuZdlE8qyoBNalD6F+q4vAFlcMEcqmkoG+mPqJYJCo63qPf74+Y1UZsl3l6f7/RIkmA==
  dependencies:
    "@babel/helper-validator-identifier" "^7.10.4"
    chalk "^2.0.0"
    js-tokens "^4.0.0"

"@babel/parser@^7.10.4", "@babel/parser@^7.10.5":
  version "7.10.5"
  resolved "https://registry.yarnpkg.com/@babel/parser/-/parser-7.10.5.tgz#e7c6bf5a7deff957cec9f04b551e2762909d826b"
  integrity sha512-wfryxy4bE1UivvQKSQDU4/X6dr+i8bctjUjj8Zyt3DQy7NtPizJXT8M52nqpNKL+nq2PW8lxk4ZqLj0fD4B4hQ==

"@babel/parser@^7.12.1":
  version "7.12.3"
  resolved "https://registry.yarnpkg.com/@babel/parser/-/parser-7.12.3.tgz#a305415ebe7a6c7023b40b5122a0662d928334cd"
  integrity sha512-kFsOS0IbsuhO5ojF8Hc8z/8vEIOkylVBrjiZUbLTE3XFe0Qi+uu6HjzQixkFaqr0ZPAMZcBVxEwmsnsLPZ2Xsw==

"@babel/plugin-syntax-typescript@^7.12.1":
  version "7.12.1"
  resolved "https://registry.yarnpkg.com/@babel/plugin-syntax-typescript/-/plugin-syntax-typescript-7.12.1.tgz#460ba9d77077653803c3dd2e673f76d66b4029e5"
  integrity sha512-UZNEcCY+4Dp9yYRCAHrHDU+9ZXLYaY9MgBXSRLkB9WjYFRR6quJBumfVrEkUxrePPBwFcpWfNKXqVRQQtm7mMA==
  dependencies:
    "@babel/helper-plugin-utils" "^7.10.4"

"@babel/plugin-transform-typescript@^7.12.1":
  version "7.12.1"
  resolved "https://registry.yarnpkg.com/@babel/plugin-transform-typescript/-/plugin-transform-typescript-7.12.1.tgz#d92cc0af504d510e26a754a7dbc2e5c8cd9c7ab4"
  integrity sha512-VrsBByqAIntM+EYMqSm59SiMEf7qkmI9dqMt6RbD/wlwueWmYcI0FFK5Fj47pP6DRZm+3teXjosKlwcZJ5lIMw==
  dependencies:
    "@babel/helper-create-class-features-plugin" "^7.12.1"
    "@babel/helper-plugin-utils" "^7.10.4"
    "@babel/plugin-syntax-typescript" "^7.12.1"

"@babel/preset-typescript@^7.12.1":
  version "7.12.1"
  resolved "https://registry.yarnpkg.com/@babel/preset-typescript/-/preset-typescript-7.12.1.tgz#86480b483bb97f75036e8864fe404cc782cc311b"
  integrity sha512-hNK/DhmoJPsksdHuI/RVrcEws7GN5eamhi28JkO52MqIxU8Z0QpmiSOQxZHWOHV7I3P4UjHV97ay4TcamMA6Kw==
  dependencies:
    "@babel/helper-plugin-utils" "^7.10.4"
    "@babel/plugin-transform-typescript" "^7.12.1"

"@babel/template@^7.10.4":
  version "7.10.4"
  resolved "https://registry.yarnpkg.com/@babel/template/-/template-7.10.4.tgz#3251996c4200ebc71d1a8fc405fba940f36ba278"
  integrity sha512-ZCjD27cGJFUB6nmCB1Enki3r+L5kJveX9pq1SvAUKoICy6CZ9yD8xO086YXdYhvNjBdnekm4ZnaP5yC8Cs/1tA==
  dependencies:
    "@babel/code-frame" "^7.10.4"
    "@babel/parser" "^7.10.4"
    "@babel/types" "^7.10.4"

"@babel/traverse@^7.10.5":
  version "7.10.5"
  resolved "https://registry.yarnpkg.com/@babel/traverse/-/traverse-7.10.5.tgz#77ce464f5b258be265af618d8fddf0536f20b564"
  integrity sha512-yc/fyv2gUjPqzTz0WHeRJH2pv7jA9kA7mBX2tXl/x5iOE81uaVPuGPtaYk7wmkx4b67mQ7NqI8rmT2pF47KYKQ==
  dependencies:
    "@babel/code-frame" "^7.10.4"
    "@babel/generator" "^7.10.5"
    "@babel/helper-function-name" "^7.10.4"
    "@babel/helper-split-export-declaration" "^7.10.4"
    "@babel/parser" "^7.10.5"
    "@babel/types" "^7.10.5"
    debug "^4.1.0"
    globals "^11.1.0"
    lodash "^4.17.19"

"@babel/traverse@^7.12.1":
  version "7.12.1"
  resolved "https://registry.yarnpkg.com/@babel/traverse/-/traverse-7.12.1.tgz#941395e0c5cc86d5d3e75caa095d3924526f0c1e"
  integrity sha512-MA3WPoRt1ZHo2ZmoGKNqi20YnPt0B1S0GTZEPhhd+hw2KGUzBlHuVunj6K4sNuK+reEvyiPwtp0cpaqLzJDmAw==
  dependencies:
    "@babel/code-frame" "^7.10.4"
    "@babel/generator" "^7.12.1"
    "@babel/helper-function-name" "^7.10.4"
    "@babel/helper-split-export-declaration" "^7.11.0"
    "@babel/parser" "^7.12.1"
    "@babel/types" "^7.12.1"
    debug "^4.1.0"
    globals "^11.1.0"
    lodash "^4.17.19"

"@babel/types@^7.10.4", "@babel/types@^7.10.5":
  version "7.10.5"
  resolved "https://registry.yarnpkg.com/@babel/types/-/types-7.10.5.tgz#d88ae7e2fde86bfbfe851d4d81afa70a997b5d15"
  integrity sha512-ixV66KWfCI6GKoA/2H9v6bQdbfXEwwpOdQ8cRvb4F+eyvhlaHxWFMQB4+3d9QFJXZsiiiqVrewNV0DFEQpyT4Q==
  dependencies:
    "@babel/helper-validator-identifier" "^7.10.4"
    lodash "^4.17.19"
    to-fast-properties "^2.0.0"

"@babel/types@^7.11.0", "@babel/types@^7.12.1":
  version "7.12.1"
  resolved "https://registry.yarnpkg.com/@babel/types/-/types-7.12.1.tgz#e109d9ab99a8de735be287ee3d6a9947a190c4ae"
  integrity sha512-BzSY3NJBKM4kyatSOWh3D/JJ2O3CVzBybHWxtgxnggaxEuaSTTDqeiSb/xk9lrkw2Tbqyivw5ZU4rT+EfznQsA==
  dependencies:
    "@babel/helper-validator-identifier" "^7.10.4"
    lodash "^4.17.19"
    to-fast-properties "^2.0.0"

"@types/babel-traverse@^6.25.5":
  version "6.25.5"
  resolved "https://registry.yarnpkg.com/@types/babel-traverse/-/babel-traverse-6.25.5.tgz#6d293cf7523e48b524faa7b86dc3c488191484e5"
  integrity sha512-WrMbwmu+MWf8FiUMbmVOGkc7bHPzndUafn1CivMaBHthBBoo0VNIcYk1KV71UovYguhsNOwf3UF5oRmkkGOU3w==
  dependencies:
    "@types/babel-types" "*"

"@types/babel-types@*":
  version "7.0.9"
  resolved "https://registry.yarnpkg.com/@types/babel-types/-/babel-types-7.0.9.tgz#01d7b86949f455402a94c788883fe4ba574cad41"
  integrity sha512-qZLoYeXSTgQuK1h7QQS16hqLGdmqtRmN8w/rl3Au/l5x/zkHx+a4VHrHyBsi1I1vtK2oBHxSzKIu0R5p6spdOA==

ansi-styles@^3.2.1:
  version "3.2.1"
  resolved "https://registry.yarnpkg.com/ansi-styles/-/ansi-styles-3.2.1.tgz#41fbb20243e50b12be0f04b8dedbf07520ce841d"
  integrity sha512-VT0ZI6kZRdTh8YyJw3SMbYm/u+NqfsAxEpWO0Pf9sq8/e94WxxOpPKx9FR1FlyCtOVDNOQ+8ntlqFxiRc+r5qA==
  dependencies:
    color-convert "^1.9.0"

at-least-node@^1.0.0:
  version "1.0.0"
  resolved "https://registry.yarnpkg.com/at-least-node/-/at-least-node-1.0.0.tgz#602cd4b46e844ad4effc92a8011a3c46e0238dc2"
  integrity sha512-+q/t7Ekv1EDY2l6Gda6LLiX14rU9TV20Wa3ofeQmwPFZbOMo9DXrLbOjFaaclkXKWidIaopwAObQDqwWtGUjqg==

chalk@^2.0.0:
  version "2.4.2"
  resolved "https://registry.yarnpkg.com/chalk/-/chalk-2.4.2.tgz#cd42541677a54333cf541a49108c1432b44c9424"
  integrity sha512-Mti+f9lpJNcwF4tWV8/OrTTtF1gZi+f8FqlyAdouralcFWFQWF2+NgCHShjkCb+IFBLq9buZwE1xckQU4peSuQ==
  dependencies:
    ansi-styles "^3.2.1"
    escape-string-regexp "^1.0.5"
    supports-color "^5.3.0"

color-convert@^1.9.0:
  version "1.9.3"
  resolved "https://registry.yarnpkg.com/color-convert/-/color-convert-1.9.3.tgz#bb71850690e1f136567de629d2d5471deda4c1e8"
  integrity sha512-QfAUtd+vFdAtFQcC8CCyYt1fYWxSqAiK2cSD6zDB8N3cpsEBAvRxp9zOGg6G/SHHJYAT88/az/IuDGALsNVbGg==
  dependencies:
    color-name "1.1.3"

color-name@1.1.3:
  version "1.1.3"
  resolved "https://registry.yarnpkg.com/color-name/-/color-name-1.1.3.tgz#a7d0558bd89c42f795dd42328f740831ca53bc25"
  integrity sha1-p9BVi9icQveV3UIyj3QIMcpTvCU=

debug@^4.1.0:
  version "4.1.1"
  resolved "https://registry.yarnpkg.com/debug/-/debug-4.1.1.tgz#3b72260255109c6b589cee050f1d516139664791"
  integrity sha512-pYAIzeRo8J6KPEaJ0VWOh5Pzkbw/RetuzehGM7QRRX5he4fPHx2rdKMB256ehJCkX+XRQm16eZLqLNS8RSZXZw==
  dependencies:
    ms "^2.1.1"

escape-string-regexp@^1.0.5:
  version "1.0.5"
  resolved "https://registry.yarnpkg.com/escape-string-regexp/-/escape-string-regexp-1.0.5.tgz#1b61c0562190a8dff6ae3bb2cf0200ca130b86d4"
  integrity sha1-G2HAViGQqN/2rjuyzwIAyhMLhtQ=

fs-extra@^9.0.1:
  version "9.0.1"
  resolved "https://registry.yarnpkg.com/fs-extra/-/fs-extra-9.0.1.tgz#910da0062437ba4c39fedd863f1675ccfefcb9fc"
  integrity sha512-h2iAoN838FqAFJY2/qVpzFXy+EBxfVE220PalAqQLDVsFOHLJrZvut5puAbCdNv6WJk+B8ihI+k0c7JK5erwqQ==
  dependencies:
    at-least-node "^1.0.0"
    graceful-fs "^4.2.0"
    jsonfile "^6.0.1"
    universalify "^1.0.0"

globals@^11.1.0:
  version "11.12.0"
  resolved "https://registry.yarnpkg.com/globals/-/globals-11.12.0.tgz#ab8795338868a0babd8525758018c2a7eb95c42e"
  integrity sha512-WOBp/EEGUiIsJSp7wcv/y6MO+lV9UoncWqxuFfm8eBwzWNgyfBd6Gz+IeKQ9jCmyhoH99g15M3T+QaVHFjizVA==

graceful-fs@^4.1.6, graceful-fs@^4.2.0:
  version "4.2.4"
  resolved "https://registry.yarnpkg.com/graceful-fs/-/graceful-fs-4.2.4.tgz#2256bde14d3632958c465ebc96dc467ca07a29fb"
  integrity sha512-WjKPNJF79dtJAVniUlGGWHYGz2jWxT6VhN/4m1NdkbZ2nOsEF+cI1Edgql5zCRhs/VsQYRvrXctxktVXZUkixw==

has-flag@^3.0.0:
  version "3.0.0"
  resolved "https://registry.yarnpkg.com/has-flag/-/has-flag-3.0.0.tgz#b5d454dc2199ae225699f3467e5a07f3b955bafd"
  integrity sha1-tdRU3CGZriJWmfNGfloH87lVuv0=

js-tokens@^4.0.0:
  version "4.0.0"
  resolved "https://registry.yarnpkg.com/js-tokens/-/js-tokens-4.0.0.tgz#19203fb59991df98e3a287050d4647cdeaf32499"
  integrity sha512-RdJUflcE3cUzKiMqQgsCu06FPu9UdIJO0beYbPhHN4k6apgJtifcoCtT9bcxOpYBtpD2kCM6Sbzg4CausW/PKQ==

jsesc@^2.5.1:
  version "2.5.2"
  resolved "https://registry.yarnpkg.com/jsesc/-/jsesc-2.5.2.tgz#80564d2e483dacf6e8ef209650a67df3f0c283a4"
  integrity sha512-OYu7XEzjkCQ3C5Ps3QIZsQfNpqoJyZZA99wd9aWd05NCtC5pWOkShK2mkL6HXQR6/Cy2lbNdPlZBpuQHXE63gA==

jsonfile@^6.0.1:
  version "6.0.1"
  resolved "https://registry.yarnpkg.com/jsonfile/-/jsonfile-6.0.1.tgz#98966cba214378c8c84b82e085907b40bf614179"
  integrity sha512-jR2b5v7d2vIOust+w3wtFKZIfpC2pnRmFAhAC/BuweZFQR8qZzxH1OyrQ10HmdVYiXWkYUqPVsz91cG7EL2FBg==
  dependencies:
    universalify "^1.0.0"
  optionalDependencies:
    graceful-fs "^4.1.6"

lodash@^4.17.19:
  version "4.17.19"
  resolved "https://registry.yarnpkg.com/lodash/-/lodash-4.17.19.tgz#e48ddedbe30b3321783c5b4301fbd353bc1e4a4b"
  integrity sha512-JNvd8XER9GQX0v2qJgsaN/mzFCNA5BRe/j8JN9d+tWyGLSodKQHKFicdwNYzWwI3wjRnaKPsGj1XkBjx/F96DQ==

ms@^2.1.1:
  version "2.1.2"
  resolved "https://registry.yarnpkg.com/ms/-/ms-2.1.2.tgz#d09d1f357b443f493382a8eb3ccd183872ae6009"
  integrity sha512-sGkPx+VjMtmA6MX27oA4FBFELFCZZ4S4XqeGOXCv68tT+jb3vk/RyaKWP0PTKyWtmLSM0b+adUTEvbs1PEaH2w==

semver@^7.3.2:
  version "7.3.2"
  resolved "https://registry.yarnpkg.com/semver/-/semver-7.3.2.tgz#604962b052b81ed0786aae84389ffba70ffd3938"
  integrity sha512-OrOb32TeeambH6UrhtShmF7CRDqhL6/5XpPNp2DuRH6+9QLw/orhp72j87v8Qa1ScDkvrrBNpZcDejAirJmfXQ==

source-map@^0.5.0:
  version "0.5.7"
  resolved "https://registry.yarnpkg.com/source-map/-/source-map-0.5.7.tgz#8a039d2d1021d22d1ea14c80d8ea468ba2ef3fcc"
  integrity sha1-igOdLRAh0i0eoUyA2OpGi6LvP8w=

supports-color@^5.3.0:
  version "5.5.0"
  resolved "https://registry.yarnpkg.com/supports-color/-/supports-color-5.5.0.tgz#e2e69a44ac8772f78a1ec0b35b689df6530efc8f"
  integrity sha512-QjVjwdXIt408MIiAqCX4oUKsgU2EqAGzs2Ppkm4aQYbjm+ZEWEcW4SfFNTr4uMNZma0ey4f5lgLrkB0aX0QMow==
  dependencies:
    has-flag "^3.0.0"

to-fast-properties@^2.0.0:
  version "2.0.0"
  resolved "https://registry.yarnpkg.com/to-fast-properties/-/to-fast-properties-2.0.0.tgz#dc5e698cbd079265bc73e0377681a4e4e83f616e"
  integrity sha1-3F5pjL0HkmW8c+A3doGk5Og/YW4=

universalify@^1.0.0:
  version "1.0.0"
  resolved "https://registry.yarnpkg.com/universalify/-/universalify-1.0.0.tgz#b61a1da173e8435b2fe3c67d29b9adf8594bd16d"
  integrity sha512-rb6X1W158d7pRQBg5gkR8uPaSfiids68LTJQYOtEUhoJUWBdaQHsuT/EUduxXYxcrt4r5PJ4fuHW1MHT6p0qug==
